
Microsoft Visual Studio Solution File, Format Version 12.00
# Visual Studio 15
VisualStudioVersion = 15.0.26430.12
MinimumVisualStudioVersion = 10.0.40219.1
Project("{FAE04EC0-301F-11D3-BF4B-00C04F79EFBC}") = "PKUAutoGateway.Android", "PKUAutoGateway.Android\PKUAutoGateway.Android.csproj", "{4A6B13C1-7692-47F7-8E8C-4EF1A2A1CF71}"
EndProject
Global
	GlobalSection(SolutionConfigurationPlatforms) = preSolution
		Debug|Any CPU = Debug|Any CPU
		Release|Any CPU = Release|Any CPU
	EndGlobalSection
	GlobalSection(ProjectConfigurationPlatforms) = postSolution
		{4A6B13C1-7692-47F7-8E8C-4EF1A2A1CF71}.Debug|Any CPU.ActiveCfg = Debug|Any CPU
		{4A6B13C1-7692-47F7-8E8C-4EF1A2A1CF71}.Debug|Any CPU.Build.0 = Debug|Any CPU
		{4A6B13C1-7692-47F7-8E8C-4EF1A2A1CF71}.Debug|Any CPU.Deploy.0 = Debug|Any CPU
		{4A6B13C1-7692-47F7-8E8C-4EF1A2A1CF71}.Release|Any CPU.ActiveCfg = Release|Any CPU
		{4A6B13C1-7692-47F7-8E8C-4EF1A2A1CF71}.Release|Any CPU.Build.0 = Release|Any CPU
		{4A6B13C1-7692-47F7-8E8C-4EF1A2A1CF71}.Release|Any CPU.Deploy.0 = Release|Any CPU
	EndGlobalSection
	GlobalSection(SolutionProperties) = preSolution
		HideSolutionNode = FALSE
	EndGlobalSection
EndGlobal
